<?xml version="1.0" encoding="utf-8"?>
<Project ToolsVersion="4.0" xmlns="http://schemas.microsoft.com/developer/msbuild/2003">
  <ItemGroup>
    <Filter Include="소스 파일">
      <UniqueIdentifier>{4FC737F1-C7A5-4376-A066-2A32D752A2FF}</UniqueIdentifier>
      <Extensions>cpp;c;cc;cxx;c++;cppm;ixx;def;odl;idl;hpj;bat;asm;asmx</Extensions>
    </Filter>
    <Filter Include="헤더 파일">
      <UniqueIdentifier>{93995380-89BD-4b04-88EB-625FBE52EBFB}</UniqueIdentifier>
      <Extensions>h;hh;hpp;hxx;h++;hm;inl;inc;ipp;xsd</Extensions>
    </Filter>
    <Filter Include="리소스 파일">
      <UniqueIdentifier>{67DA6AB6-F800-4c08-8B7A-83BB121AAD01}</UniqueIdentifier>
      <Extensions>rc;ico;cur;bmp;dlg;rc2;rct;bin;rgs;gif;jpg;jpeg;jpe;resx;tiff;tif;png;wav;mfcribbon-ms</Extensions>
    </Filter>
  </ItemGroup>
  <ItemGroup>
    <ClInclude Include="99. Headers\Andromeda\framework.h">
      <Filter>헤더 파일</Filter>
    </ClInclude>
    <ClInclude Include="99. Headers\Andromeda\targetver.h">
      <Filter>헤더 파일</Filter>
    </ClInclude>
    <ClInclude Include="99. Headers\Andromeda\Resource.h">
      <Filter>헤더 파일</Filter>
    </ClInclude>
    <ClInclude Include="01. Main\DX11.h">
      <Filter>헤더 파일</Filter>
    </ClInclude>
    <ClInclude Include="99. Headers\pch.h">
      <Filter>헤더 파일</Filter>
    </ClInclude>
    <ClInclude Include="99. Headers\Types.h">
      <Filter>헤더 파일</Filter>
    </ClInclude>
    <ClInclude Include="99. Headers\Struct.h">
      <Filter>헤더 파일</Filter>
    </ClInclude>
    <ClInclude Include="99. Headers\Values.h">
      <Filter>헤더 파일</Filter>
    </ClInclude>
    <ClInclude Include="00. Engine\GameObject\GameObject.h">
      <Filter>헤더 파일</Filter>
    </ClInclude>
    <ClInclude Include="00. Engine\Pipeline\00. Geometry\Geometry.h">
      <Filter>헤더 파일</Filter>
    </ClInclude>
    <ClInclude Include="00. Engine\Pipeline\00. Geometry\GeometryHelper.h">
      <Filter>헤더 파일</Filter>
    </ClInclude>
    <ClInclude Include="00. Engine\Pipeline\00. Geometry\VertexData.h">
      <Filter>헤더 파일</Filter>
    </ClInclude>
    <ClInclude Include="00. Engine\Pipeline\01. InputAssembler\IndexBuffer.h">
      <Filter>헤더 파일</Filter>
    </ClInclude>
    <ClInclude Include="00. Engine\Pipeline\01. InputAssembler\InputLayout.h">
      <Filter>헤더 파일</Filter>
    </ClInclude>
    <ClInclude Include="00. Engine\Pipeline\01. InputAssembler\VertexBuffer.h">
      <Filter>헤더 파일</Filter>
    </ClInclude>
    <ClInclude Include="00. Engine\Pipeline\02. VertexShader\ConstantBuffer.h">
      <Filter>헤더 파일</Filter>
    </ClInclude>
    <ClInclude Include="00. Engine\Pipeline\02. VertexShader\Shader.h">
      <Filter>헤더 파일</Filter>
    </ClInclude>
    <ClInclude Include="00. Engine\Pipeline\03. Rasterizer\RasterizerState.h">
      <Filter>헤더 파일</Filter>
    </ClInclude>
    <ClInclude Include="00. Engine\Pipeline\04. PixelShader\SamplerState.h">
      <Filter>헤더 파일</Filter>
    </ClInclude>
    <ClInclude Include="00. Engine\Pipeline\04. PixelShader\Texture.h">
      <Filter>헤더 파일</Filter>
    </ClInclude>
    <ClInclude Include="00. Engine\Pipeline\05. OutputMerger\BlendState.h">
      <Filter>헤더 파일</Filter>
    </ClInclude>
    <ClInclude Include="00. Engine\Pipeline\Graphics.h">
      <Filter>헤더 파일</Filter>
    </ClInclude>
    <ClInclude Include="00. Engine\Pipeline\Pipeline.h">
      <Filter>헤더 파일</Filter>
    </ClInclude>
    <ClInclude Include="01. Main\Game.h">
      <Filter>헤더 파일</Filter>
    </ClInclude>
    <ClInclude Include="99. Headers\Utils\SimpleMath.h">
      <Filter>헤더 파일</Filter>
    </ClInclude>
    <ClInclude Include="99. Headers\Utils\SimpleMath.inl">
      <Filter>헤더 파일</Filter>
    </ClInclude>
  </ItemGroup>
  <ItemGroup>
    <ClCompile Include="01. Main\DX11.cpp">
      <Filter>소스 파일</Filter>
    </ClCompile>
    <ClCompile Include="99. Headers\pch.cpp">
      <Filter>소스 파일</Filter>
    </ClCompile>
    <ClCompile Include="00. Engine\GameObject\GameObject.cpp">
      <Filter>소스 파일</Filter>
    </ClCompile>
    <ClCompile Include="00. Engine\Pipeline\00. Geometry\Geometry.cpp">
      <Filter>소스 파일</Filter>
    </ClCompile>
    <ClCompile Include="00. Engine\Pipeline\00. Geometry\GeometryHelper.cpp">
      <Filter>소스 파일</Filter>
    </ClCompile>
    <ClCompile Include="00. Engine\Pipeline\00. Geometry\VertexData.cpp">
      <Filter>소스 파일</Filter>
    </ClCompile>
    <ClCompile Include="00. Engine\Pipeline\01. InputAssembler\IndexBuffer.cpp">
      <Filter>소스 파일</Filter>
    </ClCompile>
    <ClCompile Include="00. Engine\Pipeline\01. InputAssembler\InputLayout.cpp">
      <Filter>소스 파일</Filter>
    </ClCompile>
    <ClCompile Include="00. Engine\Pipeline\01. InputAssembler\VertexBuffer.cpp">
      <Filter>소스 파일</Filter>
    </ClCompile>
    <ClCompile Include="00. Engine\Pipeline\02. VertexShader\ConstantBuffer.cpp">
      <Filter>소스 파일</Filter>
    </ClCompile>
    <ClCompile Include="00. Engine\Pipeline\02. VertexShader\Shader.cpp">
      <Filter>소스 파일</Filter>
    </ClCompile>
    <ClCompile Include="00. Engine\Pipeline\03. Rasterizer\RasterizerState.cpp">
      <Filter>소스 파일</Filter>
    </ClCompile>
    <ClCompile Include="00. Engine\Pipeline\04. PixelShader\SamplerState.cpp">
      <Filter>소스 파일</Filter>
    </ClCompile>
    <ClCompile Include="00. Engine\Pipeline\04. PixelShader\Texture.cpp">
      <Filter>소스 파일</Filter>
    </ClCompile>
    <ClCompile Include="00. Engine\Pipeline\05. OutputMerger\BlendState.cpp">
      <Filter>소스 파일</Filter>
    </ClCompile>
    <ClCompile Include="00. Engine\Pipeline\Graphics.cpp">
      <Filter>소스 파일</Filter>
    </ClCompile>
    <ClCompile Include="00. Engine\Pipeline\Pipeline.cpp">
      <Filter>소스 파일</Filter>
    </ClCompile>
    <ClCompile Include="01. Main\Game.cpp">
      <Filter>소스 파일</Filter>
    </ClCompile>
    <ClCompile Include="99. Headers\Utils\SimpleMath.cpp">
      <Filter>소스 파일</Filter>
    </ClCompile>
  </ItemGroup>
  <ItemGroup>
    <ResourceCompile Include="DX11.rc">
      <Filter>리소스 파일</Filter>
    </ResourceCompile>
  </ItemGroup>
  <ItemGroup>
    <Image Include="small.ico">
      <Filter>리소스 파일</Filter>
    </Image>
    <Image Include="DX11.ico">
      <Filter>리소스 파일</Filter>
    </Image>
  </ItemGroup>
  <ItemGroup>
    <FxCompile Include="98. Shaders\Default.hlsl" />
    <FxCompile Include="98. Shaders\Color.hlsl" />
  </ItemGroup>
</Project>